
Microsoft Visual Studio Solution File, Format Version 12.00
# Visual Studio 15
VisualStudioVersion = 15.0.28307.1259
MinimumVisualStudioVersion = 10.0.40219.1
Project("{FAE04EC0-301F-11D3-BF4B-00C04F79EFBC}") = "ListView", "ListView\ListView.csproj", "{037E1D1E-0471-498E-82D4-0AD1B9C349F9}"
EndProject
Global
	GlobalSection(SolutionConfigurationPlatforms) = preSolution
		Debug|Any CPU = Debug|Any CPU
		Release|Any CPU = Release|Any CPU
	EndGlobalSection
	GlobalSection(ProjectConfigurationPlatforms) = postSolution
		{037E1D1E-0471-498E-82D4-0AD1B9C349F9}.Debug|Any CPU.ActiveCfg = Debug|Any CPU
		{037E1D1E-0471-498E-82D4-0AD1B9C349F9}.Debug|Any CPU.Build.0 = Debug|Any CPU
		{037E1D1E-0471-498E-82D4-0AD1B9C349F9}.Release|Any CPU.ActiveCfg = Release|Any CPU
		{037E1D1E-0471-498E-82D4-0AD1B9C349F9}.Release|Any CPU.Build.0 = Release|Any CPU
	EndGlobalSection
	GlobalSection(SolutionProperties) = preSolution
		HideSolutionNode = FALSE
	EndGlobalSection
	GlobalSection(ExtensibilityGlobals) = postSolution
		SolutionGuid = {370D5470-CE89-4C66-978F-A3FAD9098EE1}
	EndGlobalSection
EndGlobal
